Microsoft Visual Studio Solution File, Format Version 12.00
# Visual Studio 15
VisualStudioVersion = 15.0.27004.2005
MinimumVisualStudioVersion = 10.0.40219.1
Project("{9A19103F-16F7-4668-BE54-9A1E7A4F7556}") = "DayPrinter", "DayPrinter\DayPrinter.csproj", "{B3E76AAA-3BE8-49C7-A831-64EF68C6F28D}"
EndProject
Project("{9A19103F-16F7-4668-BE54-9A1E7A4F7556}") = "ElseIf", "ElseIf\ElseIf.csproj", "{C7008ACC-EE4B-49CC-B7FB-5F9F95E257A9}"
EndProject
Project("{9A19103F-16F7-4668-BE54-9A1E7A4F7556}") = "TempConv", "TempConv\TempConv.csproj", "{6D18F93D-E26F-4FF4-ABF2-1450FD9FB19D}"
EndProject
Project("{9A19103F-16F7-4668-BE54-9A1E7A4F7556}") = "HelloMethods", "HelloMethods\HelloMethods.csproj", "{9B69E0D2-FBD5-4FB4-9D40-768AE4F57300}"
EndProject
Project("{9A19103F-16F7-4668-BE54-9A1E7A4F7556}") = "Gradebook", "Gradebook\Gradebook.csproj", "{9E08496B-2501-4CBF-844F-8FD7BA97F4E6}"
EndProject
Project("{9A19103F-16F7-4668-BE54-9A1E7A4F7556}") = "GradebookDict", "GradebookDict\GradebookDict.csproj", "{EFCB1B91-2E92-478F-BFF7-013FF6911DCC}"
EndProject
Project("{9A19103F-16F7-4668-BE54-9A1E7A4F7556}") = "GradebookArray", "GradebookArray\GradebookArray.csproj", "{89051A0E-8D18-48C3-B4E6-D05F62D252CE}"
EndProject
Project("{9A19103F-16F7-4668-BE54-9A1E7A4F7556}") = "HelloWorld", "HelloWorld\HelloWorld.csproj", "{223FC9E6-9B9E-4149-8236-F81F973D9946}"
EndProject
Project("{9A19103F-16F7-4668-BE54-9A1E7A4F7556}") = "InputEx1.1", "InputEx1.1\InputEx1.1.csproj", "{9AA50C3F-C8B5-4802-A58D-D9EEB2FB1034}"
EndProject
Project("{9A19103F-16F7-4668-BE54-9A1E7A4F7556}") = "NumericEx1.2", "NumericEx1.2\NumericEx1.2.csproj", "{4433393B-EE28-4B86-8110-5EFDA3B51B1F}"
EndProject
Project("{9A19103F-16F7-4668-BE54-9A1E7A4F7556}") = "NumericEx1.3", "NumericEx1.3\NumericEx1.3.csproj", "{FF570B44-2F2C-43A3-AF60-CA5B12336820}"
EndProject
Project("{9A19103F-16F7-4668-BE54-9A1E7A4F7556}") = "StringEx1.4", "StringEx1.4\StringEx1.4.csproj", "{038F87A3-9ED7-46A2-8C8E-62E62A67BC1B}"
EndProject
Project("{9A19103F-16F7-4668-BE54-9A1E7A4F7556}") = "Area", "Area\Area.csproj", "{8EDCB7ED-5163-49B9-BD22-662C1C4B0300}"
EndProject
Project("{9A19103F-16F7-4668-BE54-9A1E7A4F7556}") = "Demo3.1", "Demo3.1\Demo3.1.csproj", "{26F7F525-88FD-4439-90BB-85BF5904EB60}"
EndProject
Project("{9A19103F-16F7-4668-BE54-9A1E7A4F7556}") = "3.2Prep", "3.2Prep\3.2Prep.csproj", "{195CFB5A-92EF-46C7-9A4A-11DBA20B3F05}"
EndProject
Project("{FAE04EC0-301F-11D3-BF4B-00C04F79EFBC}") = "WorkingWithStrings", "WorkingWithStrings\WorkingWithStrings.csproj", "{72C9D2C0-F63F-43F9-93BE-5CA70A54BF9C}"
EndProject
Project("{FAE04EC0-301F-11D3-BF4B-00C04F79EFBC}") = "SumOfEvenNumbers", "SumOfEvenNumbers\SumOfEvenNumbers.csproj", "{B3408866-CB2D-4F41-82F3-DBF4D6E16C0B}"
EndProject
Global
	GlobalSection(SolutionConfigurationPlatforms) = preSolution
		Debug|Any CPU = Debug|Any CPU
		Release|Any CPU = Release|Any CPU
	EndGlobalSection
	GlobalSection(ProjectConfigurationPlatforms) = postSolution
		{B3E76AAA-3BE8-49C7-A831-64EF68C6F28D}.Debug|Any CPU.ActiveCfg = Debug|Any CPU
		{B3E76AAA-3BE8-49C7-A831-64EF68C6F28D}.Debug|Any CPU.Build.0 = Debug|Any CPU
		{B3E76AAA-3BE8-49C7-A831-64EF68C6F28D}.Release|Any CPU.ActiveCfg = Release|Any CPU
		{B3E76AAA-3BE8-49C7-A831-64EF68C6F28D}.Release|Any CPU.Build.0 = Release|Any CPU
		{C7008ACC-EE4B-49CC-B7FB-5F9F95E257A9}.Debug|Any CPU.ActiveCfg = Debug|Any CPU
		{C7008ACC-EE4B-49CC-B7FB-5F9F95E257A9}.Debug|Any CPU.Build.0 = Debug|Any CPU
		{C7008ACC-EE4B-49CC-B7FB-5F9F95E257A9}.Release|Any CPU.ActiveCfg = Release|Any CPU
		{C7008ACC-EE4B-49CC-B7FB-5F9F95E257A9}.Release|Any CPU.Build.0 = Release|Any CPU
		{6D18F93D-E26F-4FF4-ABF2-1450FD9FB19D}.Debug|Any CPU.ActiveCfg = Debug|Any CPU
		{6D18F93D-E26F-4FF4-ABF2-1450FD9FB19D}.Debug|Any CPU.Build.0 = Debug|Any CPU
		{6D18F93D-E26F-4FF4-ABF2-1450FD9FB19D}.Release|Any CPU.ActiveCfg = Release|Any CPU
		{6D18F93D-E26F-4FF4-ABF2-1450FD9FB19D}.Release|Any CPU.Build.0 = Release|Any CPU
		{9B69E0D2-FBD5-4FB4-9D40-768AE4F57300}.Debug|Any CPU.ActiveCfg = Debug|Any CPU
		{9B69E0D2-FBD5-4FB4-9D40-768AE4F57300}.Debug|Any CPU.Build.0 = Debug|Any CPU
		{9B69E0D2-FBD5-4FB4-9D40-768AE4F57300}.Release|Any CPU.ActiveCfg = Release|Any CPU
		{9B69E0D2-FBD5-4FB4-9D40-768AE4F57300}.Release|Any CPU.Build.0 = Release|Any CPU
		{9E08496B-2501-4CBF-844F-8FD7BA97F4E6}.Debug|Any CPU.ActiveCfg = Debug|Any CPU
		{9E08496B-2501-4CBF-844F-8FD7BA97F4E6}.Debug|Any CPU.Build.0 = Debug|Any CPU
		{9E08496B-2501-4CBF-844F-8FD7BA97F4E6}.Release|Any CPU.ActiveCfg = Release|Any CPU
		{9E08496B-2501-4CBF-844F-8FD7BA97F4E6}.Release|Any CPU.Build.0 = Release|Any CPU
		{EFCB1B91-2E92-478F-BFF7-013FF6911DCC}.Debug|Any CPU.ActiveCfg = Debug|Any CPU
		{EFCB1B91-2E92-478F-BFF7-013FF6911DCC}.Debug|Any CPU.Build.0 = Debug|Any CPU
		{EFCB1B91-2E92-478F-BFF7-013FF6911DCC}.Release|Any CPU.ActiveCfg = Release|Any CPU
		{EFCB1B91-2E92-478F-BFF7-013FF6911DCC}.Release|Any CPU.Build.0 = Release|Any CPU
		{89051A0E-8D18-48C3-B4E6-D05F62D252CE}.Debug|Any CPU.ActiveCfg = Debug|Any CPU
		{89051A0E-8D18-48C3-B4E6-D05F62D252CE}.Debug|Any CPU.Build.0 = Debug|Any CPU
		{89051A0E-8D18-48C3-B4E6-D05F62D252CE}.Release|Any CPU.ActiveCfg = Release|Any CPU
		{89051A0E-8D18-48C3-B4E6-D05F62D252CE}.Release|Any CPU.Build.0 = Release|Any CPU
		{223FC9E6-9B9E-4149-8236-F81F973D9946}.Debug|Any CPU.ActiveCfg = Debug|Any CPU
		{223FC9E6-9B9E-4149-8236-F81F973D9946}.Debug|Any CPU.Build.0 = Debug|Any CPU
		{223FC9E6-9B9E-4149-8236-F81F973D9946}.Release|Any CPU.ActiveCfg = Release|Any CPU
		{223FC9E6-9B9E-4149-8236-F81F973D9946}.Release|Any CPU.Build.0 = Release|Any CPU
		{9AA50C3F-C8B5-4802-A58D-D9EEB2FB1034}.Debug|Any CPU.ActiveCfg = Debug|Any CPU
		{9AA50C3F-C8B5-4802-A58D-D9EEB2FB1034}.Debug|Any CPU.Build.0 = Debug|Any CPU
		{9AA50C3F-C8B5-4802-A58D-D9EEB2FB1034}.Release|Any CPU.ActiveCfg = Release|Any CPU
		{9AA50C3F-C8B5-4802-A58D-D9EEB2FB1034}.Release|Any CPU.Build.0 = Release|Any CPU
		{4433393B-EE28-4B86-8110-5EFDA3B51B1F}.Debug|Any CPU.ActiveCfg = Debug|Any CPU
		{4433393B-EE28-4B86-8110-5EFDA3B51B1F}.Debug|Any CPU.Build.0 = Debug|Any CPU
		{4433393B-EE28-4B86-8110-5EFDA3B51B1F}.Release|Any CPU.ActiveCfg = Release|Any CPU
		{4433393B-EE28-4B86-8110-5EFDA3B51B1F}.Release|Any CPU.Build.0 = Release|Any CPU
		{FF570B44-2F2C-43A3-AF60-CA5B12336820}.Debug|Any CPU.ActiveCfg = Debug|Any CPU
		{FF570B44-2F2C-43A3-AF60-CA5B12336820}.Debug|Any CPU.Build.0 = Debug|Any CPU
		{FF570B44-2F2C-43A3-AF60-CA5B12336820}.Release|Any CPU.ActiveCfg = Release|Any CPU
		{FF570B44-2F2C-43A3-AF60-CA5B12336820}.Release|Any CPU.Build.0 = Release|Any CPU
		{038F87A3-9ED7-46A2-8C8E-62E62A67BC1B}.Debug|Any CPU.ActiveCfg = Debug|Any CPU
		{038F87A3-9ED7-46A2-8C8E-62E62A67BC1B}.Debug|Any CPU.Build.0 = Debug|Any CPU
		{038F87A3-9ED7-46A2-8C8E-62E62A67BC1B}.Release|Any CPU.ActiveCfg = Release|Any CPU
		{038F87A3-9ED7-46A2-8C8E-62E62A67BC1B}.Release|Any CPU.Build.0 = Release|Any CPU
		{8EDCB7ED-5163-49B9-BD22-662C1C4B0300}.Debug|Any CPU.ActiveCfg = Debug|Any CPU
		{8EDCB7ED-5163-49B9-BD22-662C1C4B0300}.Debug|Any CPU.Build.0 = Debug|Any CPU
		{8EDCB7ED-5163-49B9-BD22-662C1C4B0300}.Release|Any CPU.ActiveCfg = Release|Any CPU
		{8EDCB7ED-5163-49B9-BD22-662C1C4B0300}.Release|Any CPU.Build.0 = Release|Any CPU
		{26F7F525-88FD-4439-90BB-85BF5904EB60}.Debug|Any CPU.ActiveCfg = Debug|Any CPU
		{26F7F525-88FD-4439-90BB-85BF5904EB60}.Debug|Any CPU.Build.0 = Debug|Any CPU
		{26F7F525-88FD-4439-90BB-85BF5904EB60}.Release|Any CPU.ActiveCfg = Release|Any CPU
		{26F7F525-88FD-4439-90BB-85BF5904EB60}.Release|Any CPU.Build.0 = Release|Any CPU
		{195CFB5A-92EF-46C7-9A4A-11DBA20B3F05}.Debug|Any CPU.ActiveCfg = Debug|Any CPU
		{195CFB5A-92EF-46C7-9A4A-11DBA20B3F05}.Debug|Any CPU.Build.0 = Debug|Any CPU
		{195CFB5A-92EF-46C7-9A4A-11DBA20B3F05}.Release|Any CPU.ActiveCfg = Release|Any CPU
		{195CFB5A-92EF-46C7-9A4A-11DBA20B3F05}.Release|Any CPU.Build.0 = Release|Any CPU
		{72C9D2C0-F63F-43F9-93BE-5CA70A54BF9C}.Debug|Any CPU.ActiveCfg = Debug|Any CPU
		{72C9D2C0-F63F-43F9-93BE-5CA70A54BF9C}.Debug|Any CPU.Build.0 = Debug|Any CPU
		{72C9D2C0-F63F-43F9-93BE-5CA70A54BF9C}.Release|Any CPU.ActiveCfg = Release|Any CPU
		{72C9D2C0-F63F-43F9-93BE-5CA70A54BF9C}.Release|Any CPU.Build.0 = Release|Any CPU
		{B3408866-CB2D-4F41-82F3-DBF4D6E16C0B}.Debug|Any CPU.ActiveCfg = Debug|Any CPU
		{B3408866-CB2D-4F41-82F3-DBF4D6E16C0B}.Debug|Any CPU.Build.0 = Debug|Any CPU
		{B3408866-CB2D-4F41-82F3-DBF4D6E16C0B}.Release|Any CPU.ActiveCfg = Release|Any CPU
		{B3408866-CB2D-4F41-82F3-DBF4D6E16C0B}.Release|Any CPU.Build.0 = Release|Any CPU
	EndGlobalSection
	GlobalSection(SolutionProperties) = preSolution
		HideSolutionNode = FALSE
	EndGlobalSection
	GlobalSection(ExtensibilityGlobals) = postSolution
		SolutionGuid = {C2E39993-CF11-4D83-BC30-3AD0734980AD}
	EndGlobalSection
EndGlobal
